
Microsoft Visual Studio Solution File, Format Version 12.00
# Visual Studio Version 17
VisualStudioVersion = 17.0.31903.59
MinimumVisualStudioVersion = 10.0.40219.1
Project("{FAE04EC0-301F-11D3-BF4B-00C04F79EFBC}") = "SaveSlotsMWC.Core", "src\SaveSlotsMWC.Core\SaveSlotsMWC.Core.csproj", "{31832F57-A3F1-405C-996F-7727D140633F}"
EndProject
Project("{FAE04EC0-301F-11D3-BF4B-00C04F79EFBC}") = "SaveSlotsMWC.Mod", "src\SaveSlotsMWC.Mod\SaveSlotsMWC.Mod.csproj", "{96AFB260-8E70-4D91-B207-F4D809D5D18C}"
EndProject
Project("{FAE04EC0-301F-11D3-BF4B-00C04F79EFBC}") = "SaveSlotsMWC.Tests", "tests\SaveSlotsMWC.Tests\SaveSlotsMWC.Tests.csproj", "{6151FDE9-6A13-4968-A76A-068DD7679FE5}"
EndProject
Project("{2150E333-8FDC-42A3-9474-1A3956D46DE8}") = "src", "src", "{827E0CD3-B72D-47B6-A68D-7590B98EB39B}"
EndProject
Project("{2150E333-8FDC-42A3-9474-1A3956D46DE8}") = "SaveSlotsOriginalPort", "SaveSlotsOriginalPort", "{DFB97ED9-86E3-3905-EC4E-AAF90D6CD50B}"
EndProject
Project("{FAE04EC0-301F-11D3-BF4B-00C04F79EFBC}") = "SaveSlots", "src\SaveSlotsOriginalPort\SaveSlots.csproj", "{E6C8F1C9-DB63-4849-81CA-01ABDEAA1592}"
EndProject
Global
	GlobalSection(SolutionConfigurationPlatforms) = preSolution
		Debug|Any CPU = Debug|Any CPU
		Debug|x64 = Debug|x64
		Debug|x86 = Debug|x86
		Release|Any CPU = Release|Any CPU
		Release|x64 = Release|x64
		Release|x86 = Release|x86
	EndGlobalSection
	GlobalSection(ProjectConfigurationPlatforms) = postSolution
		{31832F57-A3F1-405C-996F-7727D140633F}.Debug|Any CPU.ActiveCfg = Debug|Any CPU
		{31832F57-A3F1-405C-996F-7727D140633F}.Debug|Any CPU.Build.0 = Debug|Any CPU
		{31832F57-A3F1-405C-996F-7727D140633F}.Debug|x64.ActiveCfg = Debug|Any CPU
		{31832F57-A3F1-405C-996F-7727D140633F}.Debug|x64.Build.0 = Debug|Any CPU
		{31832F57-A3F1-405C-996F-7727D140633F}.Debug|x86.ActiveCfg = Debug|Any CPU
		{31832F57-A3F1-405C-996F-7727D140633F}.Debug|x86.Build.0 = Debug|Any CPU
		{31832F57-A3F1-405C-996F-7727D140633F}.Release|Any CPU.ActiveCfg = Release|Any CPU
		{31832F57-A3F1-405C-996F-7727D140633F}.Release|Any CPU.Build.0 = Release|Any CPU
		{31832F57-A3F1-405C-996F-7727D140633F}.Release|x64.ActiveCfg = Release|Any CPU
		{31832F57-A3F1-405C-996F-7727D140633F}.Release|x64.Build.0 = Release|Any CPU
		{31832F57-A3F1-405C-996F-7727D140633F}.Release|x86.ActiveCfg = Release|Any CPU
		{31832F57-A3F1-405C-996F-7727D140633F}.Release|x86.Build.0 = Release|Any CPU
		{96AFB260-8E70-4D91-B207-F4D809D5D18C}.Debug|Any CPU.ActiveCfg = Debug|Any CPU
		{96AFB260-8E70-4D91-B207-F4D809D5D18C}.Debug|Any CPU.Build.0 = Debug|Any CPU
		{96AFB260-8E70-4D91-B207-F4D809D5D18C}.Debug|x64.ActiveCfg = Debug|Any CPU
		{96AFB260-8E70-4D91-B207-F4D809D5D18C}.Debug|x64.Build.0 = Debug|Any CPU
		{96AFB260-8E70-4D91-B207-F4D809D5D18C}.Debug|x86.ActiveCfg = Debug|Any CPU
		{96AFB260-8E70-4D91-B207-F4D809D5D18C}.Debug|x86.Build.0 = Debug|Any CPU
		{96AFB260-8E70-4D91-B207-F4D809D5D18C}.Release|Any CPU.ActiveCfg = Release|Any CPU
		{96AFB260-8E70-4D91-B207-F4D809D5D18C}.Release|Any CPU.Build.0 = Release|Any CPU
		{96AFB260-8E70-4D91-B207-F4D809D5D18C}.Release|x64.ActiveCfg = Release|Any CPU
		{96AFB260-8E70-4D91-B207-F4D809D5D18C}.Release|x64.Build.0 = Release|Any CPU
		{96AFB260-8E70-4D91-B207-F4D809D5D18C}.Release|x86.ActiveCfg = Release|Any CPU
		{96AFB260-8E70-4D91-B207-F4D809D5D18C}.Release|x86.Build.0 = Release|Any CPU
		{6151FDE9-6A13-4968-A76A-068DD7679FE5}.Debug|Any CPU.ActiveCfg = Debug|Any CPU
		{6151FDE9-6A13-4968-A76A-068DD7679FE5}.Debug|Any CPU.Build.0 = Debug|Any CPU
		{6151FDE9-6A13-4968-A76A-068DD7679FE5}.Debug|x64.ActiveCfg = Debug|Any CPU
		{6151FDE9-6A13-4968-A76A-068DD7679FE5}.Debug|x64.Build.0 = Debug|Any CPU
		{6151FDE9-6A13-4968-A76A-068DD7679FE5}.Debug|x86.ActiveCfg = Debug|Any CPU
		{6151FDE9-6A13-4968-A76A-068DD7679FE5}.Debug|x86.Build.0 = Debug|Any CPU
		{6151FDE9-6A13-4968-A76A-068DD7679FE5}.Release|Any CPU.ActiveCfg = Release|Any CPU
		{6151FDE9-6A13-4968-A76A-068DD7679FE5}.Release|Any CPU.Build.0 = Release|Any CPU
		{6151FDE9-6A13-4968-A76A-068DD7679FE5}.Release|x64.ActiveCfg = Release|Any CPU
		{6151FDE9-6A13-4968-A76A-068DD7679FE5}.Release|x64.Build.0 = Release|Any CPU
		{6151FDE9-6A13-4968-A76A-068DD7679FE5}.Release|x86.ActiveCfg = Release|Any CPU
		{6151FDE9-6A13-4968-A76A-068DD7679FE5}.Release|x86.Build.0 = Release|Any CPU
		{E6C8F1C9-DB63-4849-81CA-01ABDEAA1592}.Debug|Any CPU.ActiveCfg = Debug|Any CPU
		{E6C8F1C9-DB63-4849-81CA-01ABDEAA1592}.Debug|Any CPU.Build.0 = Debug|Any CPU
		{E6C8F1C9-DB63-4849-81CA-01ABDEAA1592}.Debug|x64.ActiveCfg = Debug|Any CPU
		{E6C8F1C9-DB63-4849-81CA-01ABDEAA1592}.Debug|x64.Build.0 = Debug|Any CPU
		{E6C8F1C9-DB63-4849-81CA-01ABDEAA1592}.Debug|x86.ActiveCfg = Debug|Any CPU
		{E6C8F1C9-DB63-4849-81CA-01ABDEAA1592}.Debug|x86.Build.0 = Debug|Any CPU
		{E6C8F1C9-DB63-4849-81CA-01ABDEAA1592}.Release|Any CPU.ActiveCfg = Release|Any CPU
		{E6C8F1C9-DB63-4849-81CA-01ABDEAA1592}.Release|Any CPU.Build.0 = Release|Any CPU
		{E6C8F1C9-DB63-4849-81CA-01ABDEAA1592}.Release|x64.ActiveCfg = Release|Any CPU
		{E6C8F1C9-DB63-4849-81CA-01ABDEAA1592}.Release|x64.Build.0 = Release|Any CPU
		{E6C8F1C9-DB63-4849-81CA-01ABDEAA1592}.Release|x86.ActiveCfg = Release|Any CPU
		{E6C8F1C9-DB63-4849-81CA-01ABDEAA1592}.Release|x86.Build.0 = Release|Any CPU
	EndGlobalSection
	GlobalSection(SolutionProperties) = preSolution
		HideSolutionNode = FALSE
	EndGlobalSection
	GlobalSection(NestedProjects) = preSolution
		{DFB97ED9-86E3-3905-EC4E-AAF90D6CD50B} = {827E0CD3-B72D-47B6-A68D-7590B98EB39B}
		{E6C8F1C9-DB63-4849-81CA-01ABDEAA1592} = {DFB97ED9-86E3-3905-EC4E-AAF90D6CD50B}
	EndGlobalSection
EndGlobal
